
Microsoft Visual Studio Solution File, Format Version 12.00
# Visual Studio Version 16
VisualStudioVersion = 16.0.31205.134
MinimumVisualStudioVersion = 10.0.40219.1
Project("{FAE04EC0-301F-11D3-BF4B-00C04F79EFBC}") = "GtaPrayerTimes.Android", "GtaPrayerTimes\GtaPrayerTimes.Android\GtaPrayerTimes.Android.csproj", "{565A82C4-2B18-433C-8B6B-1E4DF16EBC6B}"
EndProject
Project("{FAE04EC0-301F-11D3-BF4B-00C04F79EFBC}") = "GtaPrayerTimes.iOS", "GtaPrayerTimes\GtaPrayerTimes.iOS\GtaPrayerTimes.iOS.csproj", "{4FC9A9BA-0A90-4E6B-810B-8C268287983E}"
EndProject
Project("{FAE04EC0-301F-11D3-BF4B-00C04F79EFBC}") = "GtaPrayerTimes", "GtaPrayerTimes\GtaPrayerTimes\GtaPrayerTimes.csproj", "{0018944F-BDCA-4759-9597-C7FFB7A9F0E4}"
EndProject
Global
	GlobalSection(SolutionConfigurationPlatforms) = preSolution
		Debug|Any CPU = Debug|Any CPU
		Debug|iPhone = Debug|iPhone
		Debug|iPhoneSimulator = Debug|iPhoneSimulator
		Release|Any CPU = Release|Any CPU
		Release|iPhone = Release|iPhone
		Release|iPhoneSimulator = Release|iPhoneSimulator
	EndGlobalSection
	GlobalSection(ProjectConfigurationPlatforms) = postSolution
		{565A82C4-2B18-433C-8B6B-1E4DF16EBC6B}.Debug|Any CPU.ActiveCfg = Debug|Any CPU
		{565A82C4-2B18-433C-8B6B-1E4DF16EBC6B}.Debug|Any CPU.Build.0 = Debug|Any CPU
		{565A82C4-2B18-433C-8B6B-1E4DF16EBC6B}.Debug|Any CPU.Deploy.0 = Debug|Any CPU
		{565A82C4-2B18-433C-8B6B-1E4DF16EBC6B}.Debug|iPhone.ActiveCfg = Debug|Any CPU
		{565A82C4-2B18-433C-8B6B-1E4DF16EBC6B}.Debug|iPhone.Build.0 = Debug|Any CPU
		{565A82C4-2B18-433C-8B6B-1E4DF16EBC6B}.Debug|iPhone.Deploy.0 = Debug|Any CPU
		{565A82C4-2B18-433C-8B6B-1E4DF16EBC6B}.Debug|iPhoneSimulator.ActiveCfg = Debug|Any CPU
		{565A82C4-2B18-433C-8B6B-1E4DF16EBC6B}.Debug|iPhoneSimulator.Build.0 = Debug|Any CPU
		{565A82C4-2B18-433C-8B6B-1E4DF16EBC6B}.Debug|iPhoneSimulator.Deploy.0 = Debug|Any CPU
		{565A82C4-2B18-433C-8B6B-1E4DF16EBC6B}.Release|Any CPU.ActiveCfg = Release|Any CPU
		{565A82C4-2B18-433C-8B6B-1E4DF16EBC6B}.Release|Any CPU.Build.0 = Release|Any CPU
		{565A82C4-2B18-433C-8B6B-1E4DF16EBC6B}.Release|Any CPU.Deploy.0 = Release|Any CPU
		{565A82C4-2B18-433C-8B6B-1E4DF16EBC6B}.Release|iPhone.ActiveCfg = Release|Any CPU
		{565A82C4-2B18-433C-8B6B-1E4DF16EBC6B}.Release|iPhone.Build.0 = Release|Any CPU
		{565A82C4-2B18-433C-8B6B-1E4DF16EBC6B}.Release|iPhone.Deploy.0 = Release|Any CPU
		{565A82C4-2B18-433C-8B6B-1E4DF16EBC6B}.Release|iPhoneSimulator.ActiveCfg = Release|Any CPU
		{565A82C4-2B18-433C-8B6B-1E4DF16EBC6B}.Release|iPhoneSimulator.Build.0 = Release|Any CPU
		{565A82C4-2B18-433C-8B6B-1E4DF16EBC6B}.Release|iPhoneSimulator.Deploy.0 = Release|Any CPU
		{4FC9A9BA-0A90-4E6B-810B-8C268287983E}.Debug|Any CPU.ActiveCfg = Debug|iPhone
		{4FC9A9BA-0A90-4E6B-810B-8C268287983E}.Debug|Any CPU.Build.0 = Debug|iPhone
		{4FC9A9BA-0A90-4E6B-810B-8C268287983E}.Debug|Any CPU.Deploy.0 = Debug|iPhone
		{4FC9A9BA-0A90-4E6B-810B-8C268287983E}.Debug|iPhone.ActiveCfg = Debug|iPhone
		{4FC9A9BA-0A90-4E6B-810B-8C268287983E}.Debug|iPhone.Build.0 = Debug|iPhone
		{4FC9A9BA-0A90-4E6B-810B-8C268287983E}.Debug|iPhone.Deploy.0 = Debug|iPhone
		{4FC9A9BA-0A90-4E6B-810B-8C268287983E}.Debug|iPhoneSimulator.ActiveCfg = Debug|iPhoneSimulator
		{4FC9A9BA-0A90-4E6B-810B-8C268287983E}.Debug|iPhoneSimulator.Build.0 = Debug|iPhoneSimulator
		{4FC9A9BA-0A90-4E6B-810B-8C268287983E}.Debug|iPhoneSimulator.Deploy.0 = Debug|iPhoneSimulator
		{4FC9A9BA-0A90-4E6B-810B-8C268287983E}.Release|Any CPU.ActiveCfg = Release|iPhoneSimulator
		{4FC9A9BA-0A90-4E6B-810B-8C268287983E}.Release|Any CPU.Build.0 = Release|iPhoneSimulator
		{4FC9A9BA-0A90-4E6B-810B-8C268287983E}.Release|Any CPU.Deploy.0 = Release|iPhoneSimulator
		{4FC9A9BA-0A90-4E6B-810B-8C268287983E}.Release|iPhone.ActiveCfg = Release|iPhone
		{4FC9A9BA-0A90-4E6B-810B-8C268287983E}.Release|iPhone.Build.0 = Release|iPhone
		{4FC9A9BA-0A90-4E6B-810B-8C268287983E}.Release|iPhone.Deploy.0 = Release|iPhone
		{4FC9A9BA-0A90-4E6B-810B-8C268287983E}.Release|iPhoneSimulator.ActiveCfg = Release|iPhoneSimulator
		{4FC9A9BA-0A90-4E6B-810B-8C268287983E}.Release|iPhoneSimulator.Build.0 = Release|iPhoneSimulator
		{4FC9A9BA-0A90-4E6B-810B-8C268287983E}.Release|iPhoneSimulator.Deploy.0 = Release|iPhoneSimulator
		{0018944F-BDCA-4759-9597-C7FFB7A9F0E4}.Debug|Any CPU.ActiveCfg = Debug|Any CPU
		{0018944F-BDCA-4759-9597-C7FFB7A9F0E4}.Debug|Any CPU.Build.0 = Debug|Any CPU
		{0018944F-BDCA-4759-9597-C7FFB7A9F0E4}.Debug|Any CPU.Deploy.0 = Debug|Any CPU
		{0018944F-BDCA-4759-9597-C7FFB7A9F0E4}.Debug|iPhone.ActiveCfg = Debug|Any CPU
		{0018944F-BDCA-4759-9597-C7FFB7A9F0E4}.Debug|iPhone.Build.0 = Debug|Any CPU
		{0018944F-BDCA-4759-9597-C7FFB7A9F0E4}.Debug|iPhone.Deploy.0 = Debug|Any CPU
		{0018944F-BDCA-4759-9597-C7FFB7A9F0E4}.Debug|iPhoneSimulator.ActiveCfg = Debug|Any CPU
		{0018944F-BDCA-4759-9597-C7FFB7A9F0E4}.Debug|iPhoneSimulator.Build.0 = Debug|Any CPU
		{0018944F-BDCA-4759-9597-C7FFB7A9F0E4}.Debug|iPhoneSimulator.Deploy.0 = Debug|Any CPU
		{0018944F-BDCA-4759-9597-C7FFB7A9F0E4}.Release|Any CPU.ActiveCfg = Release|Any CPU
		{0018944F-BDCA-4759-9597-C7FFB7A9F0E4}.Release|Any CPU.Build.0 = Release|Any CPU
		{0018944F-BDCA-4759-9597-C7FFB7A9F0E4}.Release|Any CPU.Deploy.0 = Release|Any CPU
		{0018944F-BDCA-4759-9597-C7FFB7A9F0E4}.Release|iPhone.ActiveCfg = Release|Any CPU
		{0018944F-BDCA-4759-9597-C7FFB7A9F0E4}.Release|iPhone.Build.0 = Release|Any CPU
		{0018944F-BDCA-4759-9597-C7FFB7A9F0E4}.Release|iPhone.Deploy.0 = Release|Any CPU
		{0018944F-BDCA-4759-9597-C7FFB7A9F0E4}.Release|iPhoneSimulator.ActiveCfg = Release|Any CPU
		{0018944F-BDCA-4759-9597-C7FFB7A9F0E4}.Release|iPhoneSimulator.Build.0 = Release|Any CPU
		{0018944F-BDCA-4759-9597-C7FFB7A9F0E4}.Release|iPhoneSimulator.Deploy.0 = Release|Any CPU
	EndGlobalSection
	GlobalSection(SolutionProperties) = preSolution
		HideSolutionNode = FALSE
	EndGlobalSection
	GlobalSection(ExtensibilityGlobals) = postSolution
		SolutionGuid = {BAFD418D-16D9-4335-ACC4-96631C094AA0}
	EndGlobalSection
EndGlobal
